// !$*UTF8*$!
{
	archiveVersion = 1;
	classes = {
	};
	objectVersion = 48;
	objects = {

/* Begin PBXBuildFile section */
		72114F511FBA07AB00549D36 /* LoadingCell.xib in Resources */ = {isa = PBXBuildFile; fileRef = 72114F501FBA07AB00549D36 /* LoadingCell.xib */; };
		72114F531FBB84E500549D36 /* UIImageView+DownloadImage.swift in Sources */ = {isa = PBXBuildFile; fileRef = 72114F521FBB84E500549D36 /* UIImageView+DownloadImage.swift */; };
		72114F551FBCE12E00549D36 /* DetailViewController.swift in Sources */ = {isa = PBXBuildFile; fileRef = 72114F541FBCE12E00549D36 /* DetailViewController.swift */; };
		72114F571FBCE5AA00549D36 /* DimmingPresentationController.swift in Sources */ = {isa = PBXBuildFile; fileRef = 72114F561FBCE5AA00549D36 /* DimmingPresentationController.swift */; };
		72114F591FBE1A1B00549D36 /* GradientView.swift in Sources */ = {isa = PBXBuildFile; fileRef = 72114F581FBE1A1B00549D36 /* GradientView.swift */; };
		72114F5B1FBE28B700549D36 /* BounceAnimationController.swift in Sources */ = {isa = PBXBuildFile; fileRef = 72114F5A1FBE28B700549D36 /* BounceAnimationController.swift */; };
		72114F5D1FBE32D000549D36 /* SlideOutAnimationController.swift in Sources */ = {isa = PBXBuildFile; fileRef = 72114F5C1FBE32D000549D36 /* SlideOutAnimationController.swift */; };
		723CBE161FB2387B008B48AA /* AppDelegate.swift in Sources */ = {isa = PBXBuildFile; fileRef = 723CBE151FB2387B008B48AA /* AppDelegate.swift */; };
		723CBE181FB2387B008B48AA /* ViewController.swift in Sources */ = {isa = PBXBuildFile; fileRef = 723CBE171FB2387B008B48AA /* ViewController.swift */; };
		723CBE1B1FB2387B008B48AA /* Main.storyboard in Resources */ = {isa = PBXBuildFile; fileRef = 723CBE191FB2387B008B48AA /* Main.storyboard */; };
		723CBE1D1FB2387B008B48AA /* Assets.xcassets in Resources */ = {isa = PBXBuildFile; fileRef = 723CBE1C1FB2387B008B48AA /* Assets.xcassets */; };
		723CBE281FB2397D008B48AA /* SearchViewController.swift in Sources */ = {isa = PBXBuildFile; fileRef = 723CBE271FB2397D008B48AA /* SearchViewController.swift */; };
		723CBE2A1FB24EB9008B48AA /* SearchResult.swift in Sources */ = {isa = PBXBuildFile; fileRef = 723CBE291FB24EB9008B48AA /* SearchResult.swift */; };
		726A986C1FB3858500DA5E75 /* SearchResultCell.xib in Resources */ = {isa = PBXBuildFile; fileRef = 726A986B1FB3858500DA5E75 /* SearchResultCell.xib */; };
		726A986E1FB3919F00DA5E75 /* SearchResultCell.swift in Sources */ = {isa = PBXBuildFile; fileRef = 726A986D1FB3919F00DA5E75 /* SearchResultCell.swift */; };
		726A98701FB3969300DA5E75 /* NothingFoundCell.xib in Resources */ = {isa = PBXBuildFile; fileRef = 726A986F1FB3969300DA5E75 /* NothingFoundCell.xib */; };
/* End PBXBuildFile section */

/* Begin PBXFileReference section */
		72114F501FBA07AB00549D36 /* LoadingCell.xib */ = {isa = PBXFileReference; lastKnownFileType = file.xib; path = LoadingCell.xib; sourceTree = "<group>"; };
		72114F521FBB84E500549D36 /* UIImageView+DownloadImage.swift */ = {isa = PBXFileReference; lastKnownFileType = sourcecode.swift; path = "UIImageView+DownloadImage.swift"; sourceTree = "<group>"; };
		72114F541FBCE12E00549D36 /* DetailViewController.swift */ = {isa = PBXFileReference; lastKnownFileType = sourcecode.swift; path = DetailViewController.swift; sourceTree = "<group>"; };
		72114F561FBCE5AA00549D36 /* DimmingPresentationController.swift */ = {isa = PBXFileReference; lastKnownFileType = sourcecode.swift; path = DimmingPresentationController.swift; sourceTree = "<group>"; };
		72114F581FBE1A1B00549D36 /* GradientView.swift */ = {isa = PBXFileReference; lastKnownFileType = sourcecode.swift; path = GradientView.swift; sourceTree = "<group>"; };
		72114F5A1FBE28B700549D36 /* BounceAnimationController.swift */ = {isa = PBXFileReference; lastKnownFileType = sourcecode.swift; path = BounceAnimationController.swift; sourceTree = "<group>"; };
		72114F5C1FBE32D000549D36 /* SlideOutAnimationController.swift */ = {isa = PBXFileReference; lastKnownFileType = sourcecode.swift; path = SlideOutAnimationController.swift; sourceTree = "<group>"; };
		723CBE121FB2387B008B48AA /* StoreSearch.app */ = {isa = PBXFileReference; explicitFileType = wrapper.application; includeInIndex = 0; path = StoreSearch.app; sourceTree = BUILT_PRODUCTS_DIR; };
		723CBE151FB2387B008B48AA /* AppDelegate.swift */ = {isa = PBXFileReference; lastKnownFileType = sourcecode.swift; path = AppDelegate.swift; sourceTree = "<group>"; };
		723CBE171FB2387B008B48AA /* ViewController.swift */ = {isa = PBXFileReference; lastKnownFileType = sourcecode.swift; path = ViewController.swift; sourceTree = "<group>"; };
		723CBE1A1FB2387B008B48AA /* Base */ = {isa = PBXFileReference; lastKnownFileType = file.storyboard; name = Base; path = Base.lproj/Main.storyboard; sourceTree = "<group>"; };
		723CBE1C1FB2387B008B48AA /* Assets.xcassets */ = {isa = PBXFileReference; lastKnownFileType = folder.assetcatalog; path = Assets.xcassets; sourceTree = "<group>"; };
		723CBE211FB2387B008B48AA /* Info.plist */ = {isa = PBXFileReference; lastKnownFileType = text.plist.xml; path = Info.plist; sourceTree = "<group>"; };
		723CBE271FB2397D008B48AA /* SearchViewController.swift */ = {isa = PBXFileReference; lastKnownFileType = sourcecode.swift; path = SearchViewController.swift; sourceTree = "<group>"; };
		723CBE291FB24EB9008B48AA /* SearchResult.swift */ = {isa = PBXFileReference; lastKnownFileType = sourcecode.swift; path = SearchResult.swift; sourceTree = "<group>"; };
		726A986B1FB3858500DA5E75 /* SearchResultCell.xib */ = {isa = PBXFileReference; lastKnownFileType = file.xib; path = SearchResultCell.xib; sourceTree = "<group>"; };
		726A986D1FB3919F00DA5E75 /* SearchResultCell.swift */ = {isa = PBXFileReference; lastKnownFileType = sourcecode.swift; path = SearchResultCell.swift; sourceTree = "<group>"; };
		726A986F1FB3969300DA5E75 /* NothingFoundCell.xib */ = {isa = PBXFileReference; lastKnownFileType = file.xib; path = NothingFoundCell.xib; sourceTree = "<group>"; };
/* End PBXFileReference section */

/* Begin PBXFrameworksBuildPhase section */
		723CBE0F1FB2387B008B48AA /* Frameworks */ = {
			isa = PBXFrameworksBuildPhase;
			buildActionMask = 2147483647;
			files = (
			);
			runOnlyForDeploymentPostprocessing = 0;
		};
/* End PBXFrameworksBuildPhase section */

/* Begin PBXGroup section */
		723CBE091FB2387B008B48AA = {
			isa = PBXGroup;
			children = (
				723CBE141FB2387B008B48AA /* StoreSearch */,
				723CBE131FB2387B008B48AA /* Products */,
			);
			sourceTree = "<group>";
		};
		723CBE131FB2387B008B48AA /* Products */ = {
			isa = PBXGroup;
			children = (
				723CBE121FB2387B008B48AA /* StoreSearch.app */,
			);
			name = Products;
			sourceTree = "<group>";
		};
		723CBE141FB2387B008B48AA /* StoreSearch */ = {
			isa = PBXGroup;
			children = (
				723CBE151FB2387B008B48AA /* AppDelegate.swift */,
				723CBE171FB2387B008B48AA /* ViewController.swift */,
				723CBE191FB2387B008B48AA /* Main.storyboard */,
				723CBE1C1FB2387B008B48AA /* Assets.xcassets */,
				723CBE211FB2387B008B48AA /* Info.plist */,
				723CBE271FB2397D008B48AA /* SearchViewController.swift */,
				723CBE291FB24EB9008B48AA /* SearchResult.swift */,
				726A986B1FB3858500DA5E75 /* SearchResultCell.xib */,
				726A986D1FB3919F00DA5E75 /* SearchResultCell.swift */,
				726A986F1FB3969300DA5E75 /* NothingFoundCell.xib */,
				72114F501FBA07AB00549D36 /* LoadingCell.xib */,
				72114F521FBB84E500549D36 /* UIImageView+DownloadImage.swift */,
				72114F541FBCE12E00549D36 /* DetailViewController.swift */,
				72114F561FBCE5AA00549D36 /* DimmingPresentationController.swift */,
				72114F581FBE1A1B00549D36 /* GradientView.swift */,
				72114F5A1FBE28B700549D36 /* BounceAnimationController.swift */,
				72114F5C1FBE32D000549D36 /* SlideOutAnimationController.swift */,
			);
			path = StoreSearch;
			sourceTree = "<group>";
		};
/* End PBXGroup section */

/* Begin PBXNativeTarget section */
		723CBE111FB2387B008B48AA /* StoreSearch */ = {
			isa = PBXNativeTarget;
			buildConfigurationList = 723CBE241FB2387B008B48AA /* Build configuration list for PBXNativeTarget "StoreSearch" */;
			buildPhases = (
				723CBE0E1FB2387B008B48AA /* Sources */,
				723CBE0F1FB2387B008B48AA /* Frameworks */,
				723CBE101FB2387B008B48AA /* Resources */,
			);
			buildRules = (
			);
			dependencies = (
			);
			name = StoreSearch;
			productName = StoreSearch;
			productReference = 723CBE121FB2387B008B48AA /* StoreSearch.app */;
			productType = "com.apple.product-type.application";
		};
/* End PBXNativeTarget section */

/* Begin PBXProject section */
		723CBE0A1FB2387B008B48AA /* Project object */ = {
			isa = PBXProject;
			attributes = {
				LastSwiftUpdateCheck = 0900;
				LastUpgradeCheck = 0900;
				ORGANIZATIONNAME = "Norbert Czirjak";
				TargetAttributes = {
					723CBE111FB2387B008B48AA = {
						CreatedOnToolsVersion = 9.0;
						ProvisioningStyle = Automatic;
					};
				};
			};
			buildConfigurationList = 723CBE0D1FB2387B008B48AA /* Build configuration list for PBXProject "StoreSearch" */;
			compatibilityVersion = "Xcode 8.0";
			developmentRegion = en;
			hasScannedForEncodings = 0;
			knownRegions = (
				en,
				Base,
			);
			mainGroup = 723CBE091FB2387B008B48AA;
			productRefGroup = 723CBE131FB2387B008B48AA /* Products */;
			projectDirPath = "";
			projectRoot = "";
			targets = (
				723CBE111FB2387B008B48AA /* StoreSearch */,
			);
		};
/* End PBXProject section */

/* Begin PBXResourcesBuildPhase section */
		723CBE101FB2387B008B48AA /* Resources */ = {
			isa = PBXResourcesBuildPhase;
			buildActionMask = 2147483647;
			files = (
				723CBE1D1FB2387B008B48AA /* Assets.xcassets in Resources */,
				72114F511FBA07AB00549D36 /* LoadingCell.xib in Resources */,
				726A986C1FB3858500DA5E75 /* SearchResultCell.xib in Resources */,
				726A98701FB3969300DA5E75 /* NothingFoundCell.xib in Resources */,
				723CBE1B1FB2387B008B48AA /* Main.storyboard in Resources */,
			);
			runOnlyForDeploymentPostprocessing = 0;
		};
/* End PBXResourcesBuildPhase section */

/* Begin PBXSourcesBuildPhase section */
		723CBE0E1FB2387B008B48AA /* Sources */ = {
			isa = PBXSourcesBuildPhase;
			buildActionMask = 2147483647;
			files = (
				723CBE281FB2397D008B48AA /* SearchViewController.swift in Sources */,
				723CBE181FB2387B008B48AA /* ViewController.swift in Sources */,
				72114F531FBB84E500549D36 /* UIImageView+DownloadImage.swift in Sources */,
				72114F571FBCE5AA00549D36 /* DimmingPresentationController.swift in Sources */,
				72114F5B1FBE28B700549D36 /* BounceAnimationController.swift in Sources */,
				723CBE2A1FB24EB9008B48AA /* SearchResult.swift in Sources */,
				723CBE161FB2387B008B48AA /* AppDelegate.swift in Sources */,
				726A986E1FB3919F00DA5E75 /* SearchResultCell.swift in Sources */,
				72114F5D1FBE32D000549D36 /* SlideOutAnimationController.swift in Sources */,
				72114F551FBCE12E00549D36 /* DetailViewController.swift in Sources */,
				72114F591FBE1A1B00549D36 /* GradientView.swift in Sources */,
			);
			runOnlyForDeploymentPostprocessing = 0;
		};
/* End PBXSourcesBuildPhase section */

/* Begin PBXVariantGroup section */
		723CBE191FB2387B008B48AA /* Main.storyboard */ = {
			isa = PBXVariantGroup;
			children = (
				723CBE1A1FB2387B008B48AA /* Base */,
			);
			name = Main.storyboard;
			sourceTree = "<group>";
		};
/* End PBXVariantGroup section */

/* Begin XCBuildConfiguration section */
		723CBE221FB2387B008B48AA /* Debug */ = {
			isa = XCBuildConfiguration;
			buildSettings = {
				ALWAYS_SEARCH_USER_PATHS = NO;
				CLANG_ANALYZER_NONNULL = YES;
				CLANG_ANALYZER_NUMBER_OBJECT_CONVERSION = YES_AGGRESSIVE;
				CLANG_CXX_LANGUAGE_STANDARD = "gnu++14";
				CLANG_CXX_LIBRARY = "libc++";
				CLANG_ENABLE_MODULES = YES;
				CLANG_ENABLE_OBJC_ARC = YES;
				CLANG_WARN_BLOCK_CAPTURE_AUTORELEASING = YES;
				CLANG_WARN_BOOL_CONVERSION = YES;
				CLANG_WARN_COMMA = YES;
				CLANG_WARN_CONSTANT_CONVERSION = YES;
				CLANG_WARN_DIRECT_OBJC_ISA_USAGE = YES_ERROR;
				CLANG_WARN_DOCUMENTATION_COMMENTS = YES;
				CLANG_WARN_EMPTY_BODY = YES;
				CLANG_WARN_ENUM_CONVERSION = YES;
				CLANG_WARN_INFINITE_RECURSION = YES;
				CLANG_WARN_INT_CONVERSION = YES;
				CLANG_WARN_NON_LITERAL_NULL_CONVERSION = YES;
				CLANG_WARN_OBJC_LITERAL_CONVERSION = YES;
				CLANG_WARN_OBJC_ROOT_CLASS = YES_ERROR;
				CLANG_WARN_RANGE_LOOP_ANALYSIS = YES;
				CLANG_WARN_STRICT_PROTOTYPES = YES;
				CLANG_WARN_SUSPICIOUS_MOVE = YES;
				CLANG_WARN_UNGUARDED_AVAILABILITY = YES_AGGRESSIVE;
				CLANG_WARN_UNREACHABLE_CODE = YES;
				CLANG_WARN__DUPLICATE_METHOD_MATCH = YES;
				CODE_SIGN_IDENTITY = "iPhone Developer";
				COPY_PHASE_STRIP = NO;
				DEBUG_INFORMATION_FORMAT = dwarf;
				ENABLE_STRICT_OBJC_MSGSEND = YES;
				ENABLE_TESTABILITY = YES;
				GCC_C_LANGUAGE_STANDARD = gnu11;
				GCC_DYNAMIC_NO_PIC = NO;
				GCC_NO_COMMON_BLOCKS = YES;
				GCC_OPTIMIZATION_LEVEL = 0;
				GCC_PREPROCESSOR_DEFINITIONS = (
					"DEBUG=1",
					"$(inherited)",
				);
				GCC_WARN_64_TO_32_BIT_CONVERSION = YES;
				GCC_WARN_ABOUT_RETURN_TYPE = YES_ERROR;
				GCC_WARN_UNDECLARED_SELECTOR = YES;
				GCC_WARN_UNINITIALIZED_AUTOS = YES_AGGRESSIVE;
				GCC_WARN_UNUSED_FUNCTION = YES;
				GCC_WARN_UNUSED_VARIABLE = YES;
				IPHONEOS_DEPLOYMENT_TARGET = 11.0;
				MTL_ENABLE_DEBUG_INFO = YES;
				ONLY_ACTIVE_ARCH = YES;
				SDKROOT = iphoneos;
				SWIFT_ACTIVE_COMPILATION_CONDITIONS = DEBUG;
				SWIFT_OPTIMIZATION_LEVEL = "-Onone";
			};
			name = Debug;
		};
		723CBE231FB2387B008B48AA /* Release */ = {
			isa = XCBuildConfiguration;
			buildSettings = {
				ALWAYS_SEARCH_USER_PATHS = NO;
				CLANG_ANALYZER_NONNULL = YES;
				CLANG_ANALYZER_NUMBER_OBJECT_CONVERSION = YES_AGGRESSIVE;
				CLANG_CXX_LANGUAGE_STANDARD = "gnu++14";
				CLANG_CXX_LIBRARY = "libc++";
				CLANG_ENABLE_MODULES = YES;
				CLANG_ENABLE_OBJC_ARC = YES;
				CLANG_WARN_BLOCK_CAPTURE_AUTORELEASING = YES;
				CLANG_WARN_BOOL_CONVERSION = YES;
				CLANG_WARN_COMMA = YES;
				CLANG_WARN_CONSTANT_CONVERSION = YES;
				CLANG_WARN_DIRECT_OBJC_ISA_USAGE = YES_ERROR;
				CLANG_WARN_DOCUMENTATION_COMMENTS = YES;
				CLANG_WARN_EMPTY_BODY = YES;
				CLANG_WARN_ENUM_CONVERSION = YES;
				CLANG_WARN_INFINITE_RECURSION = YES;
				CLANG_WARN_INT_CONVERSION = YES;
				CLANG_WARN_NON_LITERAL_NULL_CONVERSION = YES;
				CLANG_WARN_OBJC_LITERAL_CONVERSION = YES;
				CLANG_WARN_OBJC_ROOT_CLASS = YES_ERROR;
				CLANG_WARN_RANGE_LOOP_ANALYSIS = YES;
				CLANG_WARN_STRICT_PROTOTYPES = YES;
				CLANG_WARN_SUSPICIOUS_MOVE = YES;
				CLANG_WARN_UNGUARDED_AVAILABILITY = YES_AGGRESSIVE;
				CLANG_WARN_UNREACHABLE_CODE = YES;
				CLANG_WARN__DUPLICATE_METHOD_MATCH = YES;
				CODE_SIGN_IDENTITY = "iPhone Developer";
				COPY_PHASE_STRIP = NO;
				DEBUG_INFORMATION_FORMAT = "dwarf-with-dsym";
				ENABLE_NS_ASSERTIONS = NO;
				ENABLE_STRICT_OBJC_MSGSEND = YES;
				GCC_C_LANGUAGE_STANDARD = gnu11;
				GCC_NO_COMMON_BLOCKS = YES;
				GCC_WARN_64_TO_32_BIT_CONVERSION = YES;
				GCC_WARN_ABOUT_RETURN_TYPE = YES_ERROR;
				GCC_WARN_UNDECLARED_SELECTOR = YES;
				GCC_WARN_UNINITIALIZED_AUTOS = YES_AGGRESSIVE;
				GCC_WARN_UNUSED_FUNCTION = YES;
				GCC_WARN_UNUSED_VARIABLE = YES;
				IPHONEOS_DEPLOYMENT_TARGET = 11.0;
				MTL_ENABLE_DEBUG_INFO = NO;
				SDKROOT = iphoneos;
				SWIFT_OPTIMIZATION_LEVEL = "-Owholemodule";
				VALIDATE_PRODUCT = YES;
			};
			name = Release;
		};
		723CBE251FB2387B008B48AA /* Debug */ = {
			isa = XCBuildConfiguration;
			buildSettings = {
				ASSETCATALOG_COMPILER_APPICON_NAME = AppIcon;
				CODE_SIGN_STYLE = Automatic;
				DEVELOPMENT_TEAM = 295STQ54Z5;
				INFOPLIST_FILE = StoreSearch/Info.plist;
				LD_RUNPATH_SEARCH_PATHS = "$(inherited) @executable_path/Frameworks";
				PRODUCT_BUNDLE_IDENTIFIER = com.favorinet.StoreSearch;
				PRODUCT_NAME = "$(TARGET_NAME)";
				SWIFT_VERSION = 4.0;
				TARGETED_DEVICE_FAMILY = "1,2";
			};
			name = Debug;
		};
		723CBE261FB2387B008B48AA /* Release */ = {
			isa = XCBuildConfiguration;
			buildSettings = {
				ASSETCATALOG_COMPILER_APPICON_NAME = AppIcon;
				CODE_SIGN_STYLE = Automatic;
				DEVELOPMENT_TEAM = 295STQ54Z5;
				INFOPLIST_FILE = StoreSearch/Info.plist;
				LD_RUNPATH_SEARCH_PATHS = "$(inherited) @executable_path/Frameworks";
				PRODUCT_BUNDLE_IDENTIFIER = com.favorinet.StoreSearch;
				PRODUCT_NAME = "$(TARGET_NAME)";
				SWIFT_VERSION = 4.0;
				TARGETED_DEVICE_FAMILY = "1,2";
			};
			name = Release;
		};
/* End XCBuildConfiguration section */

/* Begin XCConfigurationList section */
		723CBE0D1FB2387B008B48AA /* Build configuration list for PBXProject "StoreSearch" */ = {
			isa = XCConfigurationList;
			buildConfigurations = (
				723CBE221FB2387B008B48AA /* Debug */,
				723CBE231FB2387B008B48AA /* Release */,
			);
			defaultConfigurationIsVisible = 0;
			defaultConfigurationName = Release;
		};
		723CBE241FB2387B008B48AA /* Build configuration list for PBXNativeTarget "StoreSearch" */ = {
			isa = XCConfigurationList;
			buildConfigurations = (
				723CBE251FB2387B008B48AA /* Debug */,
				723CBE261FB2387B008B48AA /* Release */,
			);
			defaultConfigurationIsVisible = 0;
			defaultConfigurationName = Release;
		};
/* End XCConfigurationList section */
	};
	rootObject = 723CBE0A1FB2387B008B48AA /* Project object */;
}
